// !$*UTF8*$!
{
	archiveVersion = 1;
	classes = {
	};
	objectVersion = 46;
	objects = {

/* Begin PBXBuildFile section */
		039EB6F519A7987500AE2114 /* Foundation.framework in Frameworks */ = {isa = PBXBuildFile; fileRef = 039EB6F419A7987500AE2114 /* Foundation.framework */; };
		039EB6F719A7987500AE2114 /* CoreGraphics.framework in Frameworks */ = {isa = PBXBuildFile; fileRef = 039EB6F619A7987500AE2114 /* CoreGraphics.framework */; };
		039EB6F919A7987500AE2114 /* UIKit.framework in Frameworks */ = {isa = PBXBuildFile; fileRef = 039EB6F819A7987500AE2114 /* UIKit.framework */; };
		039EB6FF19A7987500AE2114 /* InfoPlist.strings in Resources */ = {isa = PBXBuildFile; fileRef = 039EB6FD19A7987500AE2114 /* InfoPlist.strings */; };
		039EB70119A7987500AE2114 /* main.m in Sources */ = {isa = PBXBuildFile; fileRef = 039EB70019A7987500AE2114 /* main.m */; };
		039EB70519A7987500AE2114 /* RFSAppDelegate.m in Sources */ = {isa = PBXBuildFile; fileRef = 039EB70419A7987500AE2114 /* RFSAppDelegate.m */; };
		039EB70819A7987500AE2114 /* Main.storyboard in Resources */ = {isa = PBXBuildFile; fileRef = 039EB70619A7987500AE2114 /* Main.storyboard */; };
		039EB70B19A7987500AE2114 /* RFSViewController.m in Sources */ = {isa = PBXBuildFile; fileRef = 039EB70A19A7987500AE2114 /* RFSViewController.m */; };
		039EB70D19A7987500AE2114 /* Images.xcassets in Resources */ = {isa = PBXBuildFile; fileRef = 039EB70C19A7987500AE2114 /* Images.xcassets */; };
		039EB71419A7987500AE2114 /* XCTest.framework in Frameworks */ = {isa = PBXBuildFile; fileRef = 039EB71319A7987500AE2114 /* XCTest.framework */; };
		039EB71519A7987500AE2114 /* Foundation.framework in Frameworks */ = {isa = PBXBuildFile; fileRef = 039EB6F419A7987500AE2114 /* Foundation.framework */; };
		039EB71619A7987500AE2114 /* UIKit.framework in Frameworks */ = {isa = PBXBuildFile; fileRef = 039EB6F819A7987500AE2114 /* UIKit.framework */; };
		039EB71E19A7987500AE2114 /* InfoPlist.strings in Resources */ = {isa = PBXBuildFile; fileRef = 039EB71C19A7987500AE2114 /* InfoPlist.strings */; };
		039EB72019A7987500AE2114 /* BooksAndMoviesTests.m in Sources */ = {isa = PBXBuildFile; fileRef = 039EB71F19A7987500AE2114 /* BooksAndMoviesTests.m */; };
		039EB72E19A7D52200AE2114 /* RFSDetailViewController.m in Sources */ = {isa = PBXBuildFile; fileRef = 039EB72D19A7D52200AE2114 /* RFSDetailViewController.m */; };
/* End PBXBuildFile section */

/* Begin PBXContainerItemProxy section */
		039EB71719A7987500AE2114 /* PBXContainerItemProxy */ = {
			isa = PBXContainerItemProxy;
			containerPortal = 039EB6E919A7987500AE2114 /* Project object */;
			proxyType = 1;
			remoteGlobalIDString = 039EB6F019A7987500AE2114;
			remoteInfo = BooksAndMovies;
		};
/* End PBXContainerItemProxy section */

/* Begin PBXFileReference section */
		039EB6F119A7987500AE2114 /* BooksAndMovies.app */ = {isa = PBXFileReference; explicitFileType = wrapper.application; includeInIndex = 0; path = BooksAndMovies.app; sourceTree = BUILT_PRODUCTS_DIR; };
		039EB6F419A7987500AE2114 /* Foundation.framework */ = {isa = PBXFileReference; lastKnownFileType = wrapper.framework; name = Foundation.framework; path = System/Library/Frameworks/Foundation.framework; sourceTree = SDKROOT; };
		039EB6F619A7987500AE2114 /* CoreGraphics.framework */ = {isa = PBXFileReference; lastKnownFileType = wrapper.framework; name = CoreGraphics.framework; path = System/Library/Frameworks/CoreGraphics.framework; sourceTree = SDKROOT; };
		039EB6F819A7987500AE2114 /* UIKit.framework */ = {isa = PBXFileReference; lastKnownFileType = wrapper.framework; name = UIKit.framework; path = System/Library/Frameworks/UIKit.framework; sourceTree = SDKROOT; };
		039EB6FC19A7987500AE2114 /* BooksAndMovies-Info.plist */ = {isa = PBXFileReference; lastKnownFileType = text.plist.xml; path = "BooksAndMovies-Info.plist"; sourceTree = "<group>"; };
		039EB6FE19A7987500AE2114 /* en */ = {isa = PBXFileReference; lastKnownFileType = text.plist.strings; name = en; path = en.lproj/InfoPlist.strings; sourceTree = "<group>"; };
		039EB70019A7987500AE2114 /* main.m */ = {isa = PBXFileReference; lastKnownFileType = sourcecode.c.objc; path = main.m; sourceTree = "<group>"; };
		039EB70219A7987500AE2114 /* BooksAndMovies-Prefix.pch */ = {isa = PBXFileReference; lastKnownFileType = sourcecode.c.h; path = "BooksAndMovies-Prefix.pch"; sourceTree = "<group>"; };
		039EB70319A7987500AE2114 /* RFSAppDelegate.h */ = {isa = PBXFileReference; lastKnownFileType = sourcecode.c.h; path = RFSAppDelegate.h; sourceTree = "<group>"; };
		039EB70419A7987500AE2114 /* RFSAppDelegate.m */ = {isa = PBXFileReference; lastKnownFileType = sourcecode.c.objc; path = RFSAppDelegate.m; sourceTree = "<group>"; };
		039EB70719A7987500AE2114 /* Base */ = {isa = PBXFileReference; lastKnownFileType = file.storyboard; name = Base; path = Base.lproj/Main.storyboard; sourceTree = "<group>"; };
		039EB70919A7987500AE2114 /* RFSViewController.h */ = {isa = PBXFileReference; lastKnownFileType = sourcecode.c.h; path = RFSViewController.h; sourceTree = "<group>"; };
		039EB70A19A7987500AE2114 /* RFSViewController.m */ = {isa = PBXFileReference; lastKnownFileType = sourcecode.c.objc; path = RFSViewController.m; sourceTree = "<group>"; };
		039EB70C19A7987500AE2114 /* Images.xcassets */ = {isa = PBXFileReference; lastKnownFileType = folder.assetcatalog; path = Images.xcassets; sourceTree = "<group>"; };
		039EB71219A7987500AE2114 /* BooksAndMoviesTests.xctest */ = {isa = PBXFileReference; explicitFileType = wrapper.cfbundle; includeInIndex = 0; path = BooksAndMoviesTests.xctest; sourceTree = BUILT_PRODUCTS_DIR; };
		039EB71319A7987500AE2114 /* XCTest.framework */ = {isa = PBXFileReference; lastKnownFileType = wrapper.framework; name = XCTest.framework; path = Library/Frameworks/XCTest.framework; sourceTree = DEVELOPER_DIR; };
		039EB71B19A7987500AE2114 /* BooksAndMoviesTests-Info.plist */ = {isa = PBXFileReference; lastKnownFileType = text.plist.xml; path = "BooksAndMoviesTests-Info.plist"; sourceTree = "<group>"; };
		039EB71D19A7987500AE2114 /* en */ = {isa = PBXFileReference; lastKnownFileType = text.plist.strings; name = en; path = en.lproj/InfoPlist.strings; sourceTree = "<group>"; };
		039EB71F19A7987500AE2114 /* BooksAndMoviesTests.m */ = {isa = PBXFileReference; lastKnownFileType = sourcecode.c.objc; path = BooksAndMoviesTests.m; sourceTree = "<group>"; };
		039EB72C19A7D52200AE2114 /* RFSDetailViewController.h */ = {isa = PBXFileReference; fileEncoding = 4; lastKnownFileType = sourcecode.c.h; path = RFSDetailViewController.h; sourceTree = "<group>"; };
		039EB72D19A7D52200AE2114 /* RFSDetailViewController.m */ = {isa = PBXFileReference; fileEncoding = 4; lastKnownFileType = sourcecode.c.objc; path = RFSDetailViewController.m; sourceTree = "<group>"; };
/* End PBXFileReference section */

/* Begin PBXFrameworksBuildPhase section */
		039EB6EE19A7987500AE2114 /* Frameworks */ = {
			isa = PBXFrameworksBuildPhase;
			buildActionMask = 2147483647;
			files = (
				039EB6F719A7987500AE2114 /* CoreGraphics.framework in Frameworks */,
				039EB6F919A7987500AE2114 /* UIKit.framework in Frameworks */,
				039EB6F519A7987500AE2114 /* Foundation.framework in Frameworks */,
			);
			runOnlyForDeploymentPostprocessing = 0;
		};
		039EB70F19A7987500AE2114 /* Frameworks */ = {
			isa = PBXFrameworksBuildPhase;
			buildActionMask = 2147483647;
			files = (
				039EB71419A7987500AE2114 /* XCTest.framework in Frameworks */,
				039EB71619A7987500AE2114 /* UIKit.framework in Frameworks */,
				039EB71519A7987500AE2114 /* Foundation.framework in Frameworks */,
			);
			runOnlyForDeploymentPostprocessing = 0;
		};
/* End PBXFrameworksBuildPhase section */

/* Begin PBXGroup section */
		039EB6E819A7987500AE2114 = {
			isa = PBXGroup;
			children = (
				039EB6FA19A7987500AE2114 /* BooksAndMovies */,
				039EB71919A7987500AE2114 /* BooksAndMoviesTests */,
				039EB6F319A7987500AE2114 /* Frameworks */,
				039EB6F219A7987500AE2114 /* Products */,
			);
			sourceTree = "<group>";
		};
		039EB6F219A7987500AE2114 /* Products */ = {
			isa = PBXGroup;
			children = (
				039EB6F119A7987500AE2114 /* BooksAndMovies.app */,
				039EB71219A7987500AE2114 /* BooksAndMoviesTests.xctest */,
			);
			name = Products;
			sourceTree = "<group>";
		};
		039EB6F319A7987500AE2114 /* Frameworks */ = {
			isa = PBXGroup;
			children = (
				039EB6F419A7987500AE2114 /* Foundation.framework */,
				039EB6F619A7987500AE2114 /* CoreGraphics.framework */,
				039EB6F819A7987500AE2114 /* UIKit.framework */,
				039EB71319A7987500AE2114 /* XCTest.framework */,
			);
			name = Frameworks;
			sourceTree = "<group>";
		};
		039EB6FA19A7987500AE2114 /* BooksAndMovies */ = {
			isa = PBXGroup;
			children = (
				039EB70319A7987500AE2114 /* RFSAppDelegate.h */,
				039EB70419A7987500AE2114 /* RFSAppDelegate.m */,
				039EB70619A7987500AE2114 /* Main.storyboard */,
				039EB70919A7987500AE2114 /* RFSViewController.h */,
				039EB70A19A7987500AE2114 /* RFSViewController.m */,
				039EB72C19A7D52200AE2114 /* RFSDetailViewController.h */,
				039EB72D19A7D52200AE2114 /* RFSDetailViewController.m */,
				039EB70C19A7987500AE2114 /* Images.xcassets */,
				039EB6FB19A7987500AE2114 /* Supporting Files */,
			);
			path = BooksAndMovies;
			sourceTree = "<group>";
		};
		039EB6FB19A7987500AE2114 /* Supporting Files */ = {
			isa = PBXGroup;
			children = (
				039EB6FC19A7987500AE2114 /* BooksAndMovies-Info.plist */,
				039EB6FD19A7987500AE2114 /* InfoPlist.strings */,
				039EB70019A7987500AE2114 /* main.m */,
				039EB70219A7987500AE2114 /* BooksAndMovies-Prefix.pch */,
			);
			name = "Supporting Files";
			sourceTree = "<group>";
		};
		039EB71919A7987500AE2114 /* BooksAndMoviesTests */ = {
			isa = PBXGroup;
			children = (
				039EB71F19A7987500AE2114 /* BooksAndMoviesTests.m */,
				039EB71A19A7987500AE2114 /* Supporting Files */,
			);
			path = BooksAndMoviesTests;
			sourceTree = "<group>";
		};
		039EB71A19A7987500AE2114 /* Supporting Files */ = {
			isa = PBXGroup;
			children = (
				039EB71B19A7987500AE2114 /* BooksAndMoviesTests-Info.plist */,
				039EB71C19A7987500AE2114 /* InfoPlist.strings */,
			);
			name = "Supporting Files";
			sourceTree = "<group>";
		};
/* End PBXGroup section */

/* Begin PBXNativeTarget section */
		039EB6F019A7987500AE2114 /* BooksAndMovies */ = {
			isa = PBXNativeTarget;
			buildConfigurationList = 039EB72319A7987500AE2114 /* Build configuration list for PBXNativeTarget "BooksAndMovies" */;
			buildPhases = (
				039EB6ED19A7987500AE2114 /* Sources */,
				039EB6EE19A7987500AE2114 /* Frameworks */,
				039EB6EF19A7987500AE2114 /* Resources */,
			);
			buildRules = (
			);
			dependencies = (
			);
			name = BooksAndMovies;
			productName = BooksAndMovies;
			productReference = 039EB6F119A7987500AE2114 /* BooksAndMovies.app */;
			productType = "com.apple.product-type.application";
		};
		039EB71119A7987500AE2114 /* BooksAndMoviesTests */ = {
			isa = PBXNativeTarget;
			buildConfigurationList = 039EB72619A7987500AE2114 /* Build configuration list for PBXNativeTarget "BooksAndMoviesTests" */;
			buildPhases = (
				039EB70E19A7987500AE2114 /* Sources */,
				039EB70F19A7987500AE2114 /* Frameworks */,
				039EB71019A7987500AE2114 /* Resources */,
			);
			buildRules = (
			);
			dependencies = (
				039EB71819A7987500AE2114 /* PBXTargetDependency */,
			);
			name = BooksAndMoviesTests;
			productName = BooksAndMoviesTests;
			productReference = 039EB71219A7987500AE2114 /* BooksAndMoviesTests.xctest */;
			productType = "com.apple.product-type.bundle.unit-test";
		};
/* End PBXNativeTarget section */

/* Begin PBXProject section */
		039EB6E919A7987500AE2114 /* Project object */ = {
			isa = PBXProject;
			attributes = {
				CLASSPREFIX = RFS;
				LastUpgradeCheck = 0510;
				ORGANIZATIONNAME = "Roadfire Software";
				TargetAttributes = {
					039EB71119A7987500AE2114 = {
						TestTargetID = 039EB6F019A7987500AE2114;
					};
				};
			};
			buildConfigurationList = 039EB6EC19A7987500AE2114 /* Build configuration list for PBXProject "BooksAndMovies" */;
			compatibilityVersion = "Xcode 3.2";
			developmentRegion = English;
			hasScannedForEncodings = 0;
			knownRegions = (
				en,
				Base,
			);
			mainGroup = 039EB6E819A7987500AE2114;
			productRefGroup = 039EB6F219A7987500AE2114 /* Products */;
			projectDirPath = "";
			projectRoot = "";
			targets = (
				039EB6F019A7987500AE2114 /* BooksAndMovies */,
				039EB71119A7987500AE2114 /* BooksAndMoviesTests */,
			);
		};
/* End PBXProject section */

/* Begin PBXResourcesBuildPhase section */
		039EB6EF19A7987500AE2114 /* Resources */ = {
			isa = PBXResourcesBuildPhase;
			buildActionMask = 2147483647;
			files = (
				039EB70D19A7987500AE2114 /* Images.xcassets in Resources */,
				039EB6FF19A7987500AE2114 /* InfoPlist.strings in Resources */,
				039EB70819A7987500AE2114 /* Main.storyboard in Resources */,
			);
			runOnlyForDeploymentPostprocessing = 0;
		};
		039EB71019A7987500AE2114 /* Resources */ = {
			isa = PBXResourcesBuildPhase;
			buildActionMask = 2147483647;
			files = (
				039EB71E19A7987500AE2114 /* InfoPlist.strings in Resources */,
			);
			runOnlyForDeploymentPostprocessing = 0;
		};
/* End PBXResourcesBuildPhase section */

/* Begin PBXSourcesBuildPhase section */
		039EB6ED19A7987500AE2114 /* Sources */ = {
			isa = PBXSourcesBuildPhase;
			buildActionMask = 2147483647;
			files = (
				039EB70519A7987500AE2114 /* RFSAppDelegate.m in Sources */,
				039EB72E19A7D52200AE2114 /* RFSDetailViewController.m in Sources */,
				039EB70119A7987500AE2114 /* main.m in Sources */,
				039EB70B19A7987500AE2114 /* RFSViewController.m in Sources */,
			);
			runOnlyForDeploymentPostprocessing = 0;
		};
		039EB70E19A7987500AE2114 /* Sources */ = {
			isa = PBXSourcesBuildPhase;
			buildActionMask = 2147483647;
			files = (
				039EB72019A7987500AE2114 /* BooksAndMoviesTests.m in Sources */,
			);
			runOnlyForDeploymentPostprocessing = 0;
		};
/* End PBXSourcesBuildPhase section */

/* Begin PBXTargetDependency section */
		039EB71819A7987500AE2114 /* PBXTargetDependency */ = {
			isa = PBXTargetDependency;
			target = 039EB6F019A7987500AE2114 /* BooksAndMovies */;
			targetProxy = 039EB71719A7987500AE2114 /* PBXContainerItemProxy */;
		};
/* End PBXTargetDependency section */

/* Begin PBXVariantGroup section */
		039EB6FD19A7987500AE2114 /* InfoPlist.strings */ = {
			isa = PBXVariantGroup;
			children = (
				039EB6FE19A7987500AE2114 /* en */,
			);
			name = InfoPlist.strings;
			sourceTree = "<group>";
		};
		039EB70619A7987500AE2114 /* Main.storyboard */ = {
			isa = PBXVariantGroup;
			children = (
				039EB70719A7987500AE2114 /* Base */,
			);
			name = Main.storyboard;
			sourceTree = "<group>";
		};
		039EB71C19A7987500AE2114 /* InfoPlist.strings */ = {
			isa = PBXVariantGroup;
			children = (
				039EB71D19A7987500AE2114 /* en */,
			);
			name = InfoPlist.strings;
			sourceTree = "<group>";
		};
/* End PBXVariantGroup section */

/* Begin XCBuildConfiguration section */
		039EB72119A7987500AE2114 /* Debug */ = {
			isa = XCBuildConfiguration;
			buildSettings = {
				ALWAYS_SEARCH_USER_PATHS = NO;
				CLANG_CXX_LANGUAGE_STANDARD = "gnu++0x";
				CLANG_CXX_LIBRARY = "libc++";
				CLANG_ENABLE_MODULES = YES;
				CLANG_ENABLE_OBJC_ARC = YES;
				CLANG_WARN_BOOL_CONVERSION = YES;
				CLANG_WARN_CONSTANT_CONVERSION = YES;
				CLANG_WARN_DIRECT_OBJC_ISA_USAGE = YES_ERROR;
				CLANG_WARN_EMPTY_BODY = YES;
				CLANG_WARN_ENUM_CONVERSION = YES;
				CLANG_WARN_INT_CONVERSION = YES;
				CLANG_WARN_OBJC_ROOT_CLASS = YES_ERROR;
				CLANG_WARN__DUPLICATE_METHOD_MATCH = YES;
				"CODE_SIGN_IDENTITY[sdk=iphoneos*]" = "iPhone Developer";
				COPY_PHASE_STRIP = NO;
				GCC_C_LANGUAGE_STANDARD = gnu99;
				GCC_DYNAMIC_NO_PIC = NO;
				GCC_OPTIMIZATION_LEVEL = 0;
				GCC_PREPROCESSOR_DEFINITIONS = (
					"DEBUG=1",
					"$(inherited)",
				);
				GCC_SYMBOLS_PRIVATE_EXTERN = NO;
				GCC_WARN_64_TO_32_BIT_CONVERSION = YES;
				GCC_WARN_ABOUT_RETURN_TYPE = YES_ERROR;
				GCC_WARN_UNDECLARED_SELECTOR = YES;
				GCC_WARN_UNINITIALIZED_AUTOS = YES_AGGRESSIVE;
				GCC_WARN_UNUSED_FUNCTION = YES;
				GCC_WARN_UNUSED_VARIABLE = YES;
				IPHONEOS_DEPLOYMENT_TARGET = 7.1;
				ONLY_ACTIVE_ARCH = YES;
				SDKROOT = iphoneos;
			};
			name = Debug;
		};
		039EB72219A7987500AE2114 /* Release */ = {
			isa = XCBuildConfiguration;
			buildSettings = {
				ALWAYS_SEARCH_USER_PATHS = NO;
				CLANG_CXX_LANGUAGE_STANDARD = "gnu++0x";
				CLANG_CXX_LIBRARY = "libc++";
				CLANG_ENABLE_MODULES = YES;
				CLANG_ENABLE_OBJC_ARC = YES;
				CLANG_WARN_BOOL_CONVERSION = YES;
				CLANG_WARN_CONSTANT_CONVERSION = YES;
				CLANG_WARN_DIRECT_OBJC_ISA_USAGE = YES_ERROR;
				CLANG_WARN_EMPTY_BODY = YES;
				CLANG_WARN_ENUM_CONVERSION = YES;
				CLANG_WARN_INT_CONVERSION = YES;
				CLANG_WARN_OBJC_ROOT_CLASS = YES_ERROR;
				CLANG_WARN__DUPLICATE_METHOD_MATCH = YES;
				"CODE_SIGN_IDENTITY[sdk=iphoneos*]" = "iPhone Developer";
				COPY_PHASE_STRIP = YES;
				ENABLE_NS_ASSERTIONS = NO;
				GCC_C_LANGUAGE_STANDARD = gnu99;
				GCC_WARN_64_TO_32_BIT_CONVERSION = YES;
				GCC_WARN_ABOUT_RETURN_TYPE = YES_ERROR;
				GCC_WARN_UNDECLARED_SELECTOR = YES;
				GCC_WARN_UNINITIALIZED_AUTOS = YES_AGGRESSIVE;
				GCC_WARN_UNUSED_FUNCTION = YES;
				GCC_WARN_UNUSED_VARIABLE = YES;
				IPHONEOS_DEPLOYMENT_TARGET = 7.1;
				SDKROOT = iphoneos;
				VALIDATE_PRODUCT = YES;
			};
			name = Release;
		};
		039EB72419A7987500AE2114 /* Debug */ = {
			isa = XCBuildConfiguration;
			buildSettings = {
				ASSETCATALOG_COMPILER_APPICON_NAME = AppIcon;
				ASSETCATALOG_COMPILER_LAUNCHIMAGE_NAME = LaunchImage;
				GCC_PRECOMPILE_PREFIX_HEADER = YES;
				GCC_PREFIX_HEADER = "BooksAndMovies/BooksAndMovies-Prefix.pch";
				INFOPLIST_FILE = "BooksAndMovies/BooksAndMovies-Info.plist";
				PRODUCT_NAME = "$(TARGET_NAME)";
				WRAPPER_EXTENSION = app;
			};
			name = Debug;
		};
		039EB72519A7987500AE2114 /* Release */ = {
			isa = XCBuildConfiguration;
			buildSettings = {
				ASSETCATALOG_COMPILER_APPICON_NAME = AppIcon;
				ASSETCATALOG_COMPILER_LAUNCHIMAGE_NAME = LaunchImage;
				GCC_PRECOMPILE_PREFIX_HEADER = YES;
				GCC_PREFIX_HEADER = "BooksAndMovies/BooksAndMovies-Prefix.pch";
				INFOPLIST_FILE = "BooksAndMovies/BooksAndMovies-Info.plist";
				PRODUCT_NAME = "$(TARGET_NAME)";
				WRAPPER_EXTENSION = app;
			};
			name = Release;
		};
		039EB72719A7987500AE2114 /* Debug */ = {
			isa = XCBuildConfiguration;
			buildSettings = {
				BUNDLE_LOADER = "$(BUILT_PRODUCTS_DIR)/BooksAndMovies.app/BooksAndMovies";
				FRAMEWORK_SEARCH_PATHS = (
					"$(SDKROOT)/Developer/Library/Frameworks",
					"$(inherited)",
					"$(DEVELOPER_FRAMEWORKS_DIR)",
				);
				GCC_PRECOMPILE_PREFIX_HEADER = YES;
				GCC_PREFIX_HEADER = "BooksAndMovies/BooksAndMovies-Prefix.pch";
				GCC_PREPROCESSOR_DEFINITIONS = (
					"DEBUG=1",
					"$(inherited)",
				);
				INFOPLIST_FILE = "BooksAndMoviesTests/BooksAndMoviesTests-Info.plist";
				PRODUCT_NAME = "$(TARGET_NAME)";
				TEST_HOST = "$(BUNDLE_LOADER)";
				WRAPPER_EXTENSION = xctest;
			};
			name = Debug;
		};
		039EB72819A7987500AE2114 /* Release */ = {
			isa = XCBuildConfiguration;
			buildSettings = {
				BUNDLE_LOADER = "$(BUILT_PRODUCTS_DIR)/BooksAndMovies.app/BooksAndMovies";
				FRAMEWORK_SEARCH_PATHS = (
					"$(SDKROOT)/Developer/Library/Frameworks",
					"$(inherited)",
					"$(DEVELOPER_FRAMEWORKS_DIR)",
				);
				GCC_PRECOMPILE_PREFIX_HEADER = YES;
				GCC_PREFIX_HEADER = "BooksAndMovies/BooksAndMovies-Prefix.pch";
				INFOPLIST_FILE = "BooksAndMoviesTests/BooksAndMoviesTests-Info.plist";
				PRODUCT_NAME = "$(TARGET_NAME)";
				TEST_HOST = "$(BUNDLE_LOADER)";
				WRAPPER_EXTENSION = xctest;
			};
			name = Release;
		};
/* End XCBuildConfiguration section */

/* Begin XCConfigurationList section */
		039EB6EC19A7987500AE2114 /* Build configuration list for PBXProject "BooksAndMovies" */ = {
			isa = XCConfigurationList;
			buildConfigurations = (
				039EB72119A7987500AE2114 /* Debug */,
				039EB72219A7987500AE2114 /* Release */,
			);
			defaultConfigurationIsVisible = 0;
			defaultConfigurationName = Release;
		};
		039EB72319A7987500AE2114 /* Build configuration list for PBXNativeTarget "BooksAndMovies" */ = {
			isa = XCConfigurationList;
			buildConfigurations = (
				039EB72419A7987500AE2114 /* Debug */,
				039EB72519A7987500AE2114 /* Release */,
			);
			defaultConfigurationIsVisible = 0;
		};
		039EB72619A7987500AE2114 /* Build configuration list for PBXNativeTarget "BooksAndMoviesTests" */ = {
			isa = XCConfigurationList;
			buildConfigurations = (
				039EB72719A7987500AE2114 /* Debug */,
				039EB72819A7987500AE2114 /* Release */,
			);
			defaultConfigurationIsVisible = 0;
		};
/* End XCConfigurationList section */
	};
	rootObject = 039EB6E919A7987500AE2114 /* Project object */;
}
